// !$*UTF8*$!
{
	archiveVersion = 1;
	classes = {
	};
	objectVersion = 46;
	objects = {

/* Begin PBXBuildFile section */
		812581051D9AF66900CEBB6B /* VideoCutter.swift in Sources */ = {isa = PBXBuildFile; fileRef = 812581031D9AF66900CEBB6B /* VideoCutter.swift */; };
		812581061D9AF66900CEBB6B /* VideoSplashViewController.swift in Sources */ = {isa = PBXBuildFile; fileRef = 812581041D9AF66900CEBB6B /* VideoSplashViewController.swift */; };
		B208008E1C33868E0078F07C /* AppDelegate.swift in Sources */ = {isa = PBXBuildFile; fileRef = B208007F1C33868E0078F07C /* AppDelegate.swift */; };
		B20800901C33868E0078F07C /* btnRegister.png in Resources */ = {isa = PBXBuildFile; fileRef = B20800821C33868E0078F07C /* btnRegister.png */; };
		B20800911C33868E0078F07C /* btnSignin.png in Resources */ = {isa = PBXBuildFile; fileRef = B20800831C33868E0078F07C /* btnSignin.png */; };
		B20800921C33868E0078F07C /* Default-568h@2x.png in Resources */ = {isa = PBXBuildFile; fileRef = B20800841C33868E0078F07C /* Default-568h@2x.png */; };
		B20800931C33868E0078F07C /* Museo500-Regular.otf in Resources */ = {isa = PBXBuildFile; fileRef = B20800851C33868E0078F07C /* Museo500-Regular.otf */; };
		B20800941C33868E0078F07C /* test.mp4 in Resources */ = {isa = PBXBuildFile; fileRef = B20800861C33868E0078F07C /* test.mp4 */; };
		B20800971C33868E0078F07C /* ViewController.swift in Sources */ = {isa = PBXBuildFile; fileRef = B208008A1C33868E0078F07C /* ViewController.swift */; };
		B208009A1C3386A70078F07C /* VideoSplashKitTests.swift in Sources */ = {isa = PBXBuildFile; fileRef = B208008D1C33868E0078F07C /* VideoSplashKitTests.swift */; };
		B208009C1C3386B40078F07C /* Images.xcassets in Resources */ = {isa = PBXBuildFile; fileRef = B208009B1C3386B40078F07C /* Images.xcassets */; };
/* End PBXBuildFile section */

/* Begin PBXContainerItemProxy section */
		C3866AD11B719452002C4FA3 /* PBXContainerItemProxy */ = {
			isa = PBXContainerItemProxy;
			containerPortal = C3866AB31B719452002C4FA3 /* Project object */;
			proxyType = 1;
			remoteGlobalIDString = C3866ABA1B719452002C4FA3;
			remoteInfo = VideoSplash;
		};
/* End PBXContainerItemProxy section */

/* Begin PBXFileReference section */
		812581031D9AF66900CEBB6B /* VideoCutter.swift */ = {isa = PBXFileReference; fileEncoding = 4; lastKnownFileType = sourcecode.swift; path = VideoCutter.swift; sourceTree = "<group>"; };
		812581041D9AF66900CEBB6B /* VideoSplashViewController.swift */ = {isa = PBXFileReference; fileEncoding = 4; lastKnownFileType = sourcecode.swift; path = VideoSplashViewController.swift; sourceTree = "<group>"; };
		B208007F1C33868E0078F07C /* AppDelegate.swift */ = {isa = PBXFileReference; fileEncoding = 4; lastKnownFileType = sourcecode.swift; path = AppDelegate.swift; sourceTree = "<group>"; };
		B20800801C33868E0078F07C /* Info.plist */ = {isa = PBXFileReference; fileEncoding = 4; lastKnownFileType = text.plist.xml; path = Info.plist; sourceTree = "<group>"; };
		B20800821C33868E0078F07C /* btnRegister.png */ = {isa = PBXFileReference; lastKnownFileType = image.png; path = btnRegister.png; sourceTree = "<group>"; };
		B20800831C33868E0078F07C /* btnSignin.png */ = {isa = PBXFileReference; lastKnownFileType = image.png; path = btnSignin.png; sourceTree = "<group>"; };
		B20800841C33868E0078F07C /* Default-568h@2x.png */ = {isa = PBXFileReference; lastKnownFileType = image.png; path = "Default-568h@2x.png"; sourceTree = "<group>"; };
		B20800851C33868E0078F07C /* Museo500-Regular.otf */ = {isa = PBXFileReference; lastKnownFileType = file; path = "Museo500-Regular.otf"; sourceTree = "<group>"; };
		B20800861C33868E0078F07C /* test.mp4 */ = {isa = PBXFileReference; lastKnownFileType = file; path = test.mp4; sourceTree = "<group>"; };
		B208008A1C33868E0078F07C /* ViewController.swift */ = {isa = PBXFileReference; fileEncoding = 4; lastKnownFileType = sourcecode.swift; path = ViewController.swift; sourceTree = "<group>"; };
		B208008C1C33868E0078F07C /* Info.plist */ = {isa = PBXFileReference; fileEncoding = 4; lastKnownFileType = text.plist.xml; path = Info.plist; sourceTree = "<group>"; };
		B208008D1C33868E0078F07C /* VideoSplashKitTests.swift */ = {isa = PBXFileReference; fileEncoding = 4; lastKnownFileType = sourcecode.swift; path = VideoSplashKitTests.swift; sourceTree = "<group>"; };
		B208009B1C3386B40078F07C /* Images.xcassets */ = {isa = PBXFileReference; lastKnownFileType = folder.assetcatalog; path = Images.xcassets; sourceTree = "<group>"; };
		C3866ABB1B719452002C4FA3 /* VideoSplashKit.app */ = {isa = PBXFileReference; explicitFileType = wrapper.application; includeInIndex = 0; path = VideoSplashKit.app; sourceTree = BUILT_PRODUCTS_DIR; };
		C3866AD01B719452002C4FA3 /* VideoSplashKit.xctest */ = {isa = PBXFileReference; explicitFileType = wrapper.cfbundle; includeInIndex = 0; path = VideoSplashKit.xctest; sourceTree = BUILT_PRODUCTS_DIR; };
/* End PBXFileReference section */

/* Begin PBXFrameworksBuildPhase section */
		C3866AB81B719452002C4FA3 /* Frameworks */ = {
			isa = PBXFrameworksBuildPhase;
			buildActionMask = 2147483647;
			files = (
			);
			runOnlyForDeploymentPostprocessing = 0;
		};
		C3866ACD1B719452002C4FA3 /* Frameworks */ = {
			isa = PBXFrameworksBuildPhase;
			buildActionMask = 2147483647;
			files = (
			);
			runOnlyForDeploymentPostprocessing = 0;
		};
/* End PBXFrameworksBuildPhase section */

/* Begin PBXGroup section */
		B208007E1C33868E0078F07C /* VideoSplashKit */ = {
			isa = PBXGroup;
			children = (
				B208007F1C33868E0078F07C /* AppDelegate.swift */,
				B20800801C33868E0078F07C /* Info.plist */,
				B20800811C33868E0078F07C /* Resources */,
				B20800871C33868E0078F07C /* Source */,
				B208008A1C33868E0078F07C /* ViewController.swift */,
				B208009B1C3386B40078F07C /* Images.xcassets */,
			);
			path = VideoSplashKit;
			sourceTree = "<group>";
		};
		B20800811C33868E0078F07C /* Resources */ = {
			isa = PBXGroup;
			children = (
				B20800821C33868E0078F07C /* btnRegister.png */,
				B20800831C33868E0078F07C /* btnSignin.png */,
				B20800841C33868E0078F07C /* Default-568h@2x.png */,
				B20800851C33868E0078F07C /* Museo500-Regular.otf */,
				B20800861C33868E0078F07C /* test.mp4 */,
			);
			path = Resources;
			sourceTree = "<group>";
		};
		B20800871C33868E0078F07C /* Source */ = {
			isa = PBXGroup;
			children = (
				812581031D9AF66900CEBB6B /* VideoCutter.swift */,
				812581041D9AF66900CEBB6B /* VideoSplashViewController.swift */,
			);
			path = Source;
			sourceTree = "<group>";
		};
		B208008B1C33868E0078F07C /* VideoSplashKitTests */ = {
			isa = PBXGroup;
			children = (
				B208008C1C33868E0078F07C /* Info.plist */,
				B208008D1C33868E0078F07C /* VideoSplashKitTests.swift */,
			);
			path = VideoSplashKitTests;
			sourceTree = "<group>";
		};
		C3866AB21B719452002C4FA3 = {
			isa = PBXGroup;
			children = (
				B208007E1C33868E0078F07C /* VideoSplashKit */,
				B208008B1C33868E0078F07C /* VideoSplashKitTests */,
				C3866ABC1B719452002C4FA3 /* Products */,
			);
			sourceTree = "<group>";
		};
		C3866ABC1B719452002C4FA3 /* Products */ = {
			isa = PBXGroup;
			children = (
				C3866ABB1B719452002C4FA3 /* VideoSplashKit.app */,
				C3866AD01B719452002C4FA3 /* VideoSplashKit.xctest */,
			);
			name = Products;
			sourceTree = "<group>";
		};
/* End PBXGroup section */

/* Begin PBXNativeTarget section */
		C3866ABA1B719452002C4FA3 /* VideoSplashKit */ = {
			isa = PBXNativeTarget;
			buildConfigurationList = C3866ADA1B719452002C4FA3 /* Build configuration list for PBXNativeTarget "VideoSplashKit" */;
			buildPhases = (
				C3866AB71B719452002C4FA3 /* Sources */,
				C3866AB81B719452002C4FA3 /* Frameworks */,
				C3866AB91B719452002C4FA3 /* Resources */,
			);
			buildRules = (
			);
			dependencies = (
			);
			name = VideoSplashKit;
			productName = VideoSplash;
			productReference = C3866ABB1B719452002C4FA3 /* VideoSplashKit.app */;
			productType = "com.apple.product-type.application";
		};
		C3866ACF1B719452002C4FA3 /* VideoSplashKitTests */ = {
			isa = PBXNativeTarget;
			buildConfigurationList = C3866ADD1B719452002C4FA3 /* Build configuration list for PBXNativeTarget "VideoSplashKitTests" */;
			buildPhases = (
				C3866ACC1B719452002C4FA3 /* Sources */,
				C3866ACD1B719452002C4FA3 /* Frameworks */,
				C3866ACE1B719452002C4FA3 /* Resources */,
			);
			buildRules = (
			);
			dependencies = (
				C3866AD21B719452002C4FA3 /* PBXTargetDependency */,
			);
			name = VideoSplashKitTests;
			productName = VideoSplashTests;
			productReference = C3866AD01B719452002C4FA3 /* VideoSplashKit.xctest */;
			productType = "com.apple.product-type.bundle.unit-test";
		};
/* End PBXNativeTarget section */

/* Begin PBXProject section */
		C3866AB31B719452002C4FA3 /* Project object */ = {
			isa = PBXProject;
			attributes = {
				LastSwiftMigration = 0700;
				LastSwiftUpdateCheck = 0700;
				LastUpgradeCheck = 0800;
				ORGANIZATIONNAME = "Toygar Dündaralp";
				TargetAttributes = {
					C3866ABA1B719452002C4FA3 = {
						CreatedOnToolsVersion = 6.4;
						LastSwiftMigration = 0800;
					};
					C3866ACF1B719452002C4FA3 = {
						CreatedOnToolsVersion = 6.4;
						LastSwiftMigration = 0800;
						TestTargetID = C3866ABA1B719452002C4FA3;
					};
				};
			};
			buildConfigurationList = C3866AB61B719452002C4FA3 /* Build configuration list for PBXProject "VideoSplashKit" */;
			compatibilityVersion = "Xcode 3.2";
			developmentRegion = English;
			hasScannedForEncodings = 0;
			knownRegions = (
				en,
				Base,
			);
			mainGroup = C3866AB21B719452002C4FA3;
			productRefGroup = C3866ABC1B719452002C4FA3 /* Products */;
			projectDirPath = "";
			projectRoot = "";
			targets = (
				C3866ABA1B719452002C4FA3 /* VideoSplashKit */,
				C3866ACF1B719452002C4FA3 /* VideoSplashKitTests */,
			);
		};
/* End PBXProject section */

/* Begin PBXResourcesBuildPhase section */
		C3866AB91B719452002C4FA3 /* Resources */ = {
			isa = PBXResourcesBuildPhase;
			buildActionMask = 2147483647;
			files = (
				B208009C1C3386B40078F07C /* Images.xcassets in Resources */,
				B20800941C33868E0078F07C /* test.mp4 in Resources */,
				B20800921C33868E0078F07C /* Default-568h@2x.png in Resources */,
				B20800901C33868E0078F07C /* btnRegister.png in Resources */,
				B20800931C33868E0078F07C /* Museo500-Regular.otf in Resources */,
				B20800911C33868E0078F07C /* btnSignin.png in Resources */,
			);
			runOnlyForDeploymentPostprocessing = 0;
		};
		C3866ACE1B719452002C4FA3 /* Resources */ = {
			isa = PBXResourcesBuildPhase;
			buildActionMask = 2147483647;
			files = (
			);
			runOnlyForDeploymentPostprocessing = 0;
		};
/* End PBXResourcesBuildPhase section */

/* Begin PBXSourcesBuildPhase section */
		C3866AB71B719452002C4FA3 /* Sources */ = {
			isa = PBXSourcesBuildPhase;
			buildActionMask = 2147483647;
			files = (
				812581051D9AF66900CEBB6B /* VideoCutter.swift in Sources */,
				B208008E1C33868E0078F07C /* AppDelegate.swift in Sources */,
				B20800971C33868E0078F07C /* ViewController.swift in Sources */,
				812581061D9AF66900CEBB6B /* VideoSplashViewController.swift in Sources */,
			);
			runOnlyForDeploymentPostprocessing = 0;
		};
		C3866ACC1B719452002C4FA3 /* Sources */ = {
			isa = PBXSourcesBuildPhase;
			buildActionMask = 2147483647;
			files = (
				B208009A1C3386A70078F07C /* VideoSplashKitTests.swift in Sources */,
			);
			runOnlyForDeploymentPostprocessing = 0;
		};
/* End PBXSourcesBuildPhase section */

/* Begin PBXTargetDependency section */
		C3866AD21B719452002C4FA3 /* PBXTargetDependency */ = {
			isa = PBXTargetDependency;
			target = C3866ABA1B719452002C4FA3 /* VideoSplashKit */;
			targetProxy = C3866AD11B719452002C4FA3 /* PBXContainerItemProxy */;
		};
/* End PBXTargetDependency section */

/* Begin XCBuildConfiguration section */
		C3866AD81B719452002C4FA3 /* Debug */ = {
			isa = XCBuildConfiguration;
			buildSettings = {
				ALWAYS_SEARCH_USER_PATHS = NO;
				CLANG_CXX_LANGUAGE_STANDARD = "gnu++0x";
				CLANG_CXX_LIBRARY = "libc++";
				CLANG_ENABLE_MODULES = YES;
				CLANG_ENABLE_OBJC_ARC = YES;
				CLANG_WARN_BOOL_CONVERSION = YES;
				CLANG_WARN_CONSTANT_CONVERSION = YES;
				CLANG_WARN_DIRECT_OBJC_ISA_USAGE = YES_ERROR;
				CLANG_WARN_EMPTY_BODY = YES;
				CLANG_WARN_ENUM_CONVERSION = YES;
				CLANG_WARN_INFINITE_RECURSION = YES;
				CLANG_WARN_INT_CONVERSION = YES;
				CLANG_WARN_OBJC_ROOT_CLASS = YES_ERROR;
				CLANG_WARN_SUSPICIOUS_MOVE = YES;
				CLANG_WARN_UNREACHABLE_CODE = YES;
				CLANG_WARN__DUPLICATE_METHOD_MATCH = YES;
				"CODE_SIGN_IDENTITY[sdk=iphoneos*]" = "iPhone Developer";
				COPY_PHASE_STRIP = NO;
				DEBUG_INFORMATION_FORMAT = "dwarf-with-dsym";
				ENABLE_STRICT_OBJC_MSGSEND = YES;
				ENABLE_TESTABILITY = YES;
				GCC_C_LANGUAGE_STANDARD = gnu99;
				GCC_DYNAMIC_NO_PIC = NO;
				GCC_NO_COMMON_BLOCKS = YES;
				GCC_OPTIMIZATION_LEVEL = 0;
				GCC_PREPROCESSOR_DEFINITIONS = (
					"DEBUG=1",
					"$(inherited)",
				);
				GCC_SYMBOLS_PRIVATE_EXTERN = NO;
				GCC_WARN_64_TO_32_BIT_CONVERSION = YES;
				GCC_WARN_ABOUT_RETURN_TYPE = YES_ERROR;
				GCC_WARN_UNDECLARED_SELECTOR = YES;
				GCC_WARN_UNINITIALIZED_AUTOS = YES_AGGRESSIVE;
				GCC_WARN_UNUSED_FUNCTION = YES;
				GCC_WARN_UNUSED_VARIABLE = YES;
				IPHONEOS_DEPLOYMENT_TARGET = 8.0;
				MTL_ENABLE_DEBUG_INFO = YES;
				ONLY_ACTIVE_ARCH = YES;
				SDKROOT = iphoneos;
				SWIFT_OPTIMIZATION_LEVEL = "-Onone";
				TARGETED_DEVICE_FAMILY = "1,2";
			};
			name = Debug;
		};
		C3866AD91B719452002C4FA3 /* Release */ = {
			isa = XCBuildConfiguration;
			buildSettings = {
				ALWAYS_SEARCH_USER_PATHS = NO;
				CLANG_CXX_LANGUAGE_STANDARD = "gnu++0x";
				CLANG_CXX_LIBRARY = "libc++";
				CLANG_ENABLE_MODULES = YES;
				CLANG_ENABLE_OBJC_ARC = YES;
				CLANG_WARN_BOOL_CONVERSION = YES;
				CLANG_WARN_CONSTANT_CONVERSION = YES;
				CLANG_WARN_DIRECT_OBJC_ISA_USAGE = YES_ERROR;
				CLANG_WARN_EMPTY_BODY = YES;
				CLANG_WARN_ENUM_CONVERSION = YES;
				CLANG_WARN_INFINITE_RECURSION = YES;
				CLANG_WARN_INT_CONVERSION = YES;
				CLANG_WARN_OBJC_ROOT_CLASS = YES_ERROR;
				CLANG_WARN_SUSPICIOUS_MOVE = YES;
				CLANG_WARN_UNREACHABLE_CODE = YES;
				CLANG_WARN__DUPLICATE_METHOD_MATCH = YES;
				"CODE_SIGN_IDENTITY[sdk=iphoneos*]" = "iPhone Developer";
				COPY_PHASE_STRIP = NO;
				DEBUG_INFORMATION_FORMAT = "dwarf-with-dsym";
				ENABLE_NS_ASSERTIONS = NO;
				ENABLE_STRICT_OBJC_MSGSEND = YES;
				GCC_C_LANGUAGE_STANDARD = gnu99;
				GCC_NO_COMMON_BLOCKS = YES;
				GCC_WARN_64_TO_32_BIT_CONVERSION = YES;
				GCC_WARN_ABOUT_RETURN_TYPE = YES_ERROR;
				GCC_WARN_UNDECLARED_SELECTOR = YES;
				GCC_WARN_UNINITIALIZED_AUTOS = YES_AGGRESSIVE;
				GCC_WARN_UNUSED_FUNCTION = YES;
				GCC_WARN_UNUSED_VARIABLE = YES;
				IPHONEOS_DEPLOYMENT_TARGET = 8.0;
				MTL_ENABLE_DEBUG_INFO = NO;
				SDKROOT = iphoneos;
				SWIFT_OPTIMIZATION_LEVEL = "-Owholemodule";
				TARGETED_DEVICE_FAMILY = "1,2";
				VALIDATE_PRODUCT = YES;
			};
			name = Release;
		};
		C3866ADB1B719452002C4FA3 /* Debug */ = {
			isa = XCBuildConfiguration;
			buildSettings = {
				ASSETCATALOG_COMPILER_APPICON_NAME = AppIcon;
				ASSETCATALOG_COMPILER_LAUNCHIMAGE_NAME = "Brand Assets";
				CODE_SIGN_IDENTITY = "iPhone Developer";
				DEVELOPMENT_TEAM = "";
				INFOPLIST_FILE = "$(SRCROOT)/VideoSplashKit/Info.plist";
				IPHONEOS_DEPLOYMENT_TARGET = 8.0;
				LD_RUNPATH_SEARCH_PATHS = "$(inherited) @executable_path/Frameworks";
				PRODUCT_BUNDLE_IDENTIFIER = "com.dundaralp.$(PRODUCT_NAME:rfc1034identifier)";
				PRODUCT_NAME = VideoSplashKit;
				SWIFT_VERSION = 3.0;
			};
			name = Debug;
		};
		C3866ADC1B719452002C4FA3 /* Release */ = {
			isa = XCBuildConfiguration;
			buildSettings = {
				ASSETCATALOG_COMPILER_APPICON_NAME = AppIcon;
				ASSETCATALOG_COMPILER_LAUNCHIMAGE_NAME = "Brand Assets";
				CODE_SIGN_IDENTITY = "iPhone Developer";
				DEVELOPMENT_TEAM = "";
				INFOPLIST_FILE = "$(SRCROOT)/VideoSplashKit/Info.plist";
				IPHONEOS_DEPLOYMENT_TARGET = 8.0;
				LD_RUNPATH_SEARCH_PATHS = "$(inherited) @executable_path/Frameworks";
				PRODUCT_BUNDLE_IDENTIFIER = "com.dundaralp.$(PRODUCT_NAME:rfc1034identifier)";
				PRODUCT_NAME = VideoSplashKit;
				SWIFT_VERSION = 3.0;
			};
			name = Release;
		};
		C3866ADE1B719452002C4FA3 /* Debug */ = {
			isa = XCBuildConfiguration;
			buildSettings = {
				BUNDLE_LOADER = "$(TEST_HOST)";
				FRAMEWORK_SEARCH_PATHS = (
					"$(SDKROOT)/Developer/Library/Frameworks",
					"$(inherited)",
				);
				GCC_PREPROCESSOR_DEFINITIONS = (
					"DEBUG=1",
					"$(inherited)",
				);
				INFOPLIST_FILE = VideoSplashKitTests/Info.plist;
				LD_RUNPATH_SEARCH_PATHS = "$(inherited) @executable_path/Frameworks @loader_path/Frameworks";
				PRODUCT_BUNDLE_IDENTIFIER = "com.dundaralp.$(PRODUCT_NAME:rfc1034identifier)";
				PRODUCT_NAME = VideoSplashKit;
				SWIFT_VERSION = 3.0;
				TEST_HOST = "$(BUILT_PRODUCTS_DIR)/VideoSplashKit.app/VideoSplashKit";
			};
			name = Debug;
		};
		C3866ADF1B719452002C4FA3 /* Release */ = {
			isa = XCBuildConfiguration;
			buildSettings = {
				BUNDLE_LOADER = "$(TEST_HOST)";
				FRAMEWORK_SEARCH_PATHS = (
					"$(SDKROOT)/Developer/Library/Frameworks",
					"$(inherited)",
				);
				INFOPLIST_FILE = VideoSplashKitTests/Info.plist;
				LD_RUNPATH_SEARCH_PATHS = "$(inherited) @executable_path/Frameworks @loader_path/Frameworks";
				PRODUCT_BUNDLE_IDENTIFIER = "com.dundaralp.$(PRODUCT_NAME:rfc1034identifier)";
				PRODUCT_NAME = VideoSplashKit;
				SWIFT_VERSION = 3.0;
				TEST_HOST = "$(BUILT_PRODUCTS_DIR)/VideoSplashKit.app/VideoSplashKit";
			};
			name = Release;
		};
/* End XCBuildConfiguration section */

/* Begin XCConfigurationList section */
		C3866AB61B719452002C4FA3 /* Build configuration list for PBXProject "VideoSplashKit" */ = {
			isa = XCConfigurationList;
			buildConfigurations = (
				C3866AD81B719452002C4FA3 /* Debug */,
				C3866AD91B719452002C4FA3 /* Release */,
			);
			defaultConfigurationIsVisible = 0;
			defaultConfigurationName = Release;
		};
		C3866ADA1B719452002C4FA3 /* Build configuration list for PBXNativeTarget "VideoSplashKit" */ = {
			isa = XCConfigurationList;
			buildConfigurations = (
				C3866ADB1B719452002C4FA3 /* Debug */,
				C3866ADC1B719452002C4FA3 /* Release */,
			);
			defaultConfigurationIsVisible = 0;
			defaultConfigurationName = Release;
		};
		C3866ADD1B719452002C4FA3 /* Build configuration list for PBXNativeTarget "VideoSplashKitTests" */ = {
			isa = XCConfigurationList;
			buildConfigurations = (
				C3866ADE1B719452002C4FA3 /* Debug */,
				C3866ADF1B719452002C4FA3 /* Release */,
			);
			defaultConfigurationIsVisible = 0;
			defaultConfigurationName = Release;
		};
/* End XCConfigurationList section */
	};
	rootObject = C3866AB31B719452002C4FA3 /* Project object */;
}
